
Microsoft Visual Studio Solution File, Format Version 12.00
# Visual Studio Version 16
VisualStudioVersion = 16.0.31624.102
MinimumVisualStudioVersion = 10.0.40219.1
Project("{FAE04EC0-301F-11D3-BF4B-00C04F79EFBC}") = "linkedList", "linkedList.csproj", "{F72B3385-9665-466E-9E34-654B5C54464D}"
EndProject
Global
	GlobalSection(SolutionConfigurationPlatforms) = preSolution
		Debug|Any CPU = Debug|Any CPU
		Release|Any CPU = Release|Any CPU
	EndGlobalSection
	GlobalSection(ProjectConfigurationPlatforms) = postSolution
		{F72B3385-9665-466E-9E34-654B5C54464D}.Debug|Any CPU.ActiveCfg = Debug|Any CPU
		{F72B3385-9665-466E-9E34-654B5C54464D}.Debug|Any CPU.Build.0 = Debug|Any CPU
		{F72B3385-9665-466E-9E34-654B5C54464D}.Release|Any CPU.ActiveCfg = Release|Any CPU
		{F72B3385-9665-466E-9E34-654B5C54464D}.Release|Any CPU.Build.0 = Release|Any CPU
	EndGlobalSection
	GlobalSection(SolutionProperties) = preSolution
		HideSolutionNode = FALSE
	EndGlobalSection
	GlobalSection(ExtensibilityGlobals) = postSolution
		SolutionGuid = {3510EEC7-72B6-4BC2-A1ED-C387F78E4E54}
	EndGlobalSection
EndGlobal
