
Microsoft Visual Studio Solution File, Format Version 12.00
# Visual Studio Version 16
VisualStudioVersion = 16.0.31624.102
MinimumVisualStudioVersion = 10.0.40219.1
Project("{FAE04EC0-301F-11D3-BF4B-00C04F79EFBC}") = "inheritance", "inheritance.csproj", "{F46AE46A-06A3-4E09-8A75-0F4F1C0C0BC3}"
EndProject
Global
	GlobalSection(SolutionConfigurationPlatforms) = preSolution
		Debug|Any CPU = Debug|Any CPU
		Release|Any CPU = Release|Any CPU
	EndGlobalSection
	GlobalSection(ProjectConfigurationPlatforms) = postSolution
		{F46AE46A-06A3-4E09-8A75-0F4F1C0C0BC3}.Debug|Any CPU.ActiveCfg = Debug|Any CPU
		{F46AE46A-06A3-4E09-8A75-0F4F1C0C0BC3}.Debug|Any CPU.Build.0 = Debug|Any CPU
		{F46AE46A-06A3-4E09-8A75-0F4F1C0C0BC3}.Release|Any CPU.ActiveCfg = Release|Any CPU
		{F46AE46A-06A3-4E09-8A75-0F4F1C0C0BC3}.Release|Any CPU.Build.0 = Release|Any CPU
	EndGlobalSection
	GlobalSection(SolutionProperties) = preSolution
		HideSolutionNode = FALSE
	EndGlobalSection
	GlobalSection(ExtensibilityGlobals) = postSolution
		SolutionGuid = {10153D76-C93A-49AE-9E7B-033C5DB10C26}
	EndGlobalSection
EndGlobal
